{
    "name": "com.example.prueba",
    "version": "1.0.0",
    "lockfileVersion": 1,
    "requires": true,
    "dependencies": {
        "cordova-plugin-sip": {
            "version": "git+https://github.com/sezerkorkmaz/cordova-plugin-sip.git#2d1dddd0c703864e5533aab79f11697ff7562581",
            "from": "git+https://github.com/sezerkorkmaz/cordova-plugin-sip.git",
            "dev": true
        },
        "cordova-plugin-whitelist": {
            "version": "1.3.5",
            "resolved": "https://registry.npmjs.org/cordova-plugin-whitelist/-/cordova-plugin-whitelist-1.3.5.tgz",
            "integrity": "sha512-+v/VzCYBdGsIxJTP2m+RWaq7l/NLu7b976w6XGJUFiN2TVOeaGrytaR4jRy0w9akRai8uKFeBmuGHmlS/sOeCA==",
            "dev": true
        }
    }
}
